
Microsoft Visual Studio Solution File, Format Version 12.00
# Visual Studio Version 17
VisualStudioVersion = 17.14.36203.30
MinimumVisualStudioVersion = 10.0.40219.1
Project("{FAE04EC0-301F-11D3-BF4B-00C04F79EFBC}") = "TUI", "TUI.csproj", "{E3EF8069-9323-4C51-9844-92FE48336C58}"
EndProject
Global
	GlobalSection(SolutionConfigurationPlatforms) = preSolution
		Debug|Any CPU = Debug|Any CPU
		Release|Any CPU = Release|Any CPU
	EndGlobalSection
	GlobalSection(ProjectConfigurationPlatforms) = postSolution
		{E3EF8069-9323-4C51-9844-92FE48336C58}.Debug|Any CPU.ActiveCfg = Debug|Any CPU
		{E3EF8069-9323-4C51-9844-92FE48336C58}.Debug|Any CPU.Build.0 = Debug|Any CPU
		{E3EF8069-9323-4C51-9844-92FE48336C58}.Release|Any CPU.ActiveCfg = Release|Any CPU
		{E3EF8069-9323-4C51-9844-92FE48336C58}.Release|Any CPU.Build.0 = Release|Any CPU
	EndGlobalSection
	GlobalSection(SolutionProperties) = preSolution
		HideSolutionNode = FALSE
	EndGlobalSection
	GlobalSection(ExtensibilityGlobals) = postSolution
		SolutionGuid = {EC8FD0C6-ED91-47FF-9B15-5F64ABF12F5B}
	EndGlobalSection
EndGlobal
