
Microsoft Visual Studio Solution File, Format Version 12.00
# Visual Studio Version 17
VisualStudioVersion = 17.14.36221.1 d17.14
MinimumVisualStudioVersion = 10.0.40219.1
Project("{FAE04EC0-301F-11D3-BF4B-00C04F79EFBC}") = "View", "View.csproj", "{447690D8-7327-531D-64BF-1F4F7842DD49}"
EndProject
Global
	GlobalSection(SolutionConfigurationPlatforms) = preSolution
		Debug|Any CPU = Debug|Any CPU
		Release|Any CPU = Release|Any CPU
	EndGlobalSection
	GlobalSection(ProjectConfigurationPlatforms) = postSolution
		{447690D8-7327-531D-64BF-1F4F7842DD49}.Debug|Any CPU.ActiveCfg = Debug|Any CPU
		{447690D8-7327-531D-64BF-1F4F7842DD49}.Debug|Any CPU.Build.0 = Debug|Any CPU
		{447690D8-7327-531D-64BF-1F4F7842DD49}.Release|Any CPU.ActiveCfg = Release|Any CPU
		{447690D8-7327-531D-64BF-1F4F7842DD49}.Release|Any CPU.Build.0 = Release|Any CPU
	EndGlobalSection
	GlobalSection(SolutionProperties) = preSolution
		HideSolutionNode = FALSE
	EndGlobalSection
	GlobalSection(ExtensibilityGlobals) = postSolution
		SolutionGuid = {757BFC37-FC27-43F9-BE70-727E0F804BE1}
	EndGlobalSection
EndGlobal
